
Microsoft Visual Studio Solution File, Format Version 12.00
# Visual Studio Version 17
VisualStudioVersion = 17.14.36429.23 d17.14
MinimumVisualStudioVersion = 10.0.40219.1
Project("{2150E333-8FDC-42A3-9474-1A3956D46DE8}") = "Task0", "Task0", "{02EA681E-C7D8-13C7-8484-4AC65E1B71E8}"
EndProject
Project("{2150E333-8FDC-42A3-9474-1A3956D46DE8}") = "Task1", "Task1", "{AA2FD91E-DF1C-4EB1-8040-E34E8096989B}"
EndProject
Project("{2150E333-8FDC-42A3-9474-1A3956D46DE8}") = "Task2", "Task2", "{77CC9BD1-D84B-4967-B25F-4C632E34E201}"
EndProject
Project("{2150E333-8FDC-42A3-9474-1A3956D46DE8}") = "Task3", "Task3", "{FA1761CE-D210-4F5B-9781-3866DD55ACB9}"
EndProject
Project("{2150E333-8FDC-42A3-9474-1A3956D46DE8}") = "Task4", "Task4", "{CA60AA62-6BE9-41A9-BA5F-CF5EE754B163}"
EndProject
Project("{2150E333-8FDC-42A3-9474-1A3956D46DE8}") = "Task5", "Task5", "{AC2EFE20-89F7-4FA4-BF0F-91600D6CBAA3}"
EndProject
Project("{2150E333-8FDC-42A3-9474-1A3956D46DE8}") = "Task6", "Task6", "{734AB8BF-07F2-4CD0-93EF-EA17B178CAE6}"
EndProject
Project("{2150E333-8FDC-42A3-9474-1A3956D46DE8}") = "Task7", "Task7", "{3C4CB5A6-64C1-45BB-9D25-4F06C2BB29DD}"
EndProject
Project("{FAE04EC0-301F-11D3-BF4B-00C04F79EFBC}") = "Tyuiu.Tidzhanin.Sprint6.Task1.V15", "Tyuiu.Tidzhanin.Sprint6.Task1.V15\Tyuiu.Tidzhanin.Sprint6.Task1.V15.csproj", "{F13710DE-CBFD-4D28-AE57-0E86773F40DF}"
EndProject
Project("{FAE04EC0-301F-11D3-BF4B-00C04F79EFBC}") = "Tyuiu.Tidzhanin.Sprint6.Task1.V15.Lib", "Tyuiu.Tidzhanin.Sprint6.Task1.V15.Lib\Tyuiu.Tidzhanin.Sprint6.Task1.V15.Lib.csproj", "{D4238E97-C8CC-4A05-B71E-FA58466078F6}"
EndProject
Project("{FAE04EC0-301F-11D3-BF4B-00C04F79EFBC}") = "Tyuiu.Tidzhanin.Sprint6.Task1.V15.Test", "Tyuiu.Tidzhanin.Sprint6.Task1.V15.Test\Tyuiu.Tidzhanin.Sprint6.Task1.V15.Test.csproj", "{B0102923-D464-4A17-9663-242CE5294688}"
EndProject
Project("{FAE04EC0-301F-11D3-BF4B-00C04F79EFBC}") = "Tyuiu.Tidzhanin.Sprint6.Task0.V25", "Tyuiu.Tidzhanin.Sprint6.Task0.V25\Tyuiu.Tidzhanin.Sprint6.Task0.V25.csproj", "{75684EC2-0C5D-47AA-9732-75816AD0E122}"
EndProject
Project("{FAE04EC0-301F-11D3-BF4B-00C04F79EFBC}") = "Tyuiu.Tidzhanin.Sprint6.Task0.V25.Lib", "Tyuiu.Tidzhanin.Sprint6.Task0.V25.Lib\Tyuiu.Tidzhanin.Sprint6.Task0.V25.Lib.csproj", "{7F84B696-30DE-43C5-BC55-5F9FCB21B9F3}"
EndProject
Project("{FAE04EC0-301F-11D3-BF4B-00C04F79EFBC}") = "Tyuiu.Tidzhanin.Sprint6.Task0.V25.Test", "Tyuiu.Tidzhanin.Sprint6.Task0.V25.Test\Tyuiu.Tidzhanin.Sprint6.Task0.V25.Test.csproj", "{D5303330-D543-400A-82F9-668E9E67E095}"
EndProject
Project("{FAE04EC0-301F-11D3-BF4B-00C04F79EFBC}") = "Tyuiu.Tidzhanin.Sprint6.Task3.V2", "Tyuiu.Tidzhanin.Sprint6.Task3.V2\Tyuiu.Tidzhanin.Sprint6.Task3.V2.csproj", "{169CA850-0B47-45D6-AFFF-E595006529DD}"
EndProject
Project("{FAE04EC0-301F-11D3-BF4B-00C04F79EFBC}") = "Tyuiu.Tidzhanin.Sprint6.Task3.V2.Lib", "Tyuiu.Tidzhanin.Sprint6.Task3.V2.Lib\Tyuiu.Tidzhanin.Sprint6.Task3.V2.Lib.csproj", "{4784D34F-3DAC-4F70-AB8B-F31A53C5FB0C}"
EndProject
Project("{FAE04EC0-301F-11D3-BF4B-00C04F79EFBC}") = "Tyuiu.Tidzhanin.Sprint6.Task3.V2.Test", "Tyuiu.Tidzhanin.Sprint6.Task3.V2.Test\Tyuiu.Tidzhanin.Sprint6.Task3.V2.Test.csproj", "{B0F610F8-0B79-4D44-AAA4-9600658838A7}"
EndProject
Project("{FAE04EC0-301F-11D3-BF4B-00C04F79EFBC}") = "Tyuiu.Tidzhanin.Sprint6.Task4.V2", "Tyuiu.Tidzhanin.Sprint6.Task4.V2\Tyuiu.Tidzhanin.Sprint6.Task4.V2.csproj", "{05DD6F55-76D6-4E27-98B3-A1A99B4DAEC8}"
EndProject
Project("{FAE04EC0-301F-11D3-BF4B-00C04F79EFBC}") = "Tyuiu.Tidzhanin.Sprint6.Task4.V2.Lib", "Tyuiu.Tidzhanin.Sprint6.Task4.V2.Lib\Tyuiu.Tidzhanin.Sprint6.Task4.V2.Lib.csproj", "{66ED55CD-02F4-4B33-976E-4EFAD609BE0D}"
EndProject
Project("{FAE04EC0-301F-11D3-BF4B-00C04F79EFBC}") = "Tyuiu.Tidzhanin.Sprint6.Task4.V2.Test", "Tyuiu.Tidzhanin.Sprint6.Task4.V2.Test\Tyuiu.Tidzhanin.Sprint6.Task4.V2.Test.csproj", "{7B1CD092-807C-42E2-8863-E971676F4EA7}"
EndProject
Global
	GlobalSection(SolutionConfigurationPlatforms) = preSolution
		Debug|Any CPU = Debug|Any CPU
		Release|Any CPU = Release|Any CPU
	EndGlobalSection
	GlobalSection(ProjectConfigurationPlatforms) = postSolution
		{F13710DE-CBFD-4D28-AE57-0E86773F40DF}.Debug|Any CPU.ActiveCfg = Debug|Any CPU
		{F13710DE-CBFD-4D28-AE57-0E86773F40DF}.Debug|Any CPU.Build.0 = Debug|Any CPU
		{F13710DE-CBFD-4D28-AE57-0E86773F40DF}.Release|Any CPU.ActiveCfg = Release|Any CPU
		{F13710DE-CBFD-4D28-AE57-0E86773F40DF}.Release|Any CPU.Build.0 = Release|Any CPU
		{D4238E97-C8CC-4A05-B71E-FA58466078F6}.Debug|Any CPU.ActiveCfg = Debug|Any CPU
		{D4238E97-C8CC-4A05-B71E-FA58466078F6}.Debug|Any CPU.Build.0 = Debug|Any CPU
		{D4238E97-C8CC-4A05-B71E-FA58466078F6}.Release|Any CPU.ActiveCfg = Release|Any CPU
		{D4238E97-C8CC-4A05-B71E-FA58466078F6}.Release|Any CPU.Build.0 = Release|Any CPU
		{B0102923-D464-4A17-9663-242CE5294688}.Debug|Any CPU.ActiveCfg = Debug|Any CPU
		{B0102923-D464-4A17-9663-242CE5294688}.Debug|Any CPU.Build.0 = Debug|Any CPU
		{B0102923-D464-4A17-9663-242CE5294688}.Release|Any CPU.ActiveCfg = Release|Any CPU
		{B0102923-D464-4A17-9663-242CE5294688}.Release|Any CPU.Build.0 = Release|Any CPU
		{75684EC2-0C5D-47AA-9732-75816AD0E122}.Debug|Any CPU.ActiveCfg = Debug|Any CPU
		{75684EC2-0C5D-47AA-9732-75816AD0E122}.Debug|Any CPU.Build.0 = Debug|Any CPU
		{75684EC2-0C5D-47AA-9732-75816AD0E122}.Release|Any CPU.ActiveCfg = Release|Any CPU
		{75684EC2-0C5D-47AA-9732-75816AD0E122}.Release|Any CPU.Build.0 = Release|Any CPU
		{7F84B696-30DE-43C5-BC55-5F9FCB21B9F3}.Debug|Any CPU.ActiveCfg = Debug|Any CPU
		{7F84B696-30DE-43C5-BC55-5F9FCB21B9F3}.Debug|Any CPU.Build.0 = Debug|Any CPU
		{7F84B696-30DE-43C5-BC55-5F9FCB21B9F3}.Release|Any CPU.ActiveCfg = Release|Any CPU
		{7F84B696-30DE-43C5-BC55-5F9FCB21B9F3}.Release|Any CPU.Build.0 = Release|Any CPU
		{D5303330-D543-400A-82F9-668E9E67E095}.Debug|Any CPU.ActiveCfg = Debug|Any CPU
		{D5303330-D543-400A-82F9-668E9E67E095}.Debug|Any CPU.Build.0 = Debug|Any CPU
		{D5303330-D543-400A-82F9-668E9E67E095}.Release|Any CPU.ActiveCfg = Release|Any CPU
		{D5303330-D543-400A-82F9-668E9E67E095}.Release|Any CPU.Build.0 = Release|Any CPU
		{169CA850-0B47-45D6-AFFF-E595006529DD}.Debug|Any CPU.ActiveCfg = Debug|Any CPU
		{169CA850-0B47-45D6-AFFF-E595006529DD}.Debug|Any CPU.Build.0 = Debug|Any CPU
		{169CA850-0B47-45D6-AFFF-E595006529DD}.Release|Any CPU.ActiveCfg = Release|Any CPU
		{169CA850-0B47-45D6-AFFF-E595006529DD}.Release|Any CPU.Build.0 = Release|Any CPU
		{4784D34F-3DAC-4F70-AB8B-F31A53C5FB0C}.Debug|Any CPU.ActiveCfg = Debug|Any CPU
		{4784D34F-3DAC-4F70-AB8B-F31A53C5FB0C}.Debug|Any CPU.Build.0 = Debug|Any CPU
		{4784D34F-3DAC-4F70-AB8B-F31A53C5FB0C}.Release|Any CPU.ActiveCfg = Release|Any CPU
		{4784D34F-3DAC-4F70-AB8B-F31A53C5FB0C}.Release|Any CPU.Build.0 = Release|Any CPU
		{B0F610F8-0B79-4D44-AAA4-9600658838A7}.Debug|Any CPU.ActiveCfg = Debug|Any CPU
		{B0F610F8-0B79-4D44-AAA4-9600658838A7}.Debug|Any CPU.Build.0 = Debug|Any CPU
		{B0F610F8-0B79-4D44-AAA4-9600658838A7}.Release|Any CPU.ActiveCfg = Release|Any CPU
		{B0F610F8-0B79-4D44-AAA4-9600658838A7}.Release|Any CPU.Build.0 = Release|Any CPU
		{05DD6F55-76D6-4E27-98B3-A1A99B4DAEC8}.Debug|Any CPU.ActiveCfg = Debug|Any CPU
		{05DD6F55-76D6-4E27-98B3-A1A99B4DAEC8}.Debug|Any CPU.Build.0 = Debug|Any CPU
		{05DD6F55-76D6-4E27-98B3-A1A99B4DAEC8}.Release|Any CPU.ActiveCfg = Release|Any CPU
		{05DD6F55-76D6-4E27-98B3-A1A99B4DAEC8}.Release|Any CPU.Build.0 = Release|Any CPU
		{66ED55CD-02F4-4B33-976E-4EFAD609BE0D}.Debug|Any CPU.ActiveCfg = Debug|Any CPU
		{66ED55CD-02F4-4B33-976E-4EFAD609BE0D}.Debug|Any CPU.Build.0 = Debug|Any CPU
		{66ED55CD-02F4-4B33-976E-4EFAD609BE0D}.Release|Any CPU.ActiveCfg = Release|Any CPU
		{66ED55CD-02F4-4B33-976E-4EFAD609BE0D}.Release|Any CPU.Build.0 = Release|Any CPU
		{7B1CD092-807C-42E2-8863-E971676F4EA7}.Debug|Any CPU.ActiveCfg = Debug|Any CPU
		{7B1CD092-807C-42E2-8863-E971676F4EA7}.Debug|Any CPU.Build.0 = Debug|Any CPU
		{7B1CD092-807C-42E2-8863-E971676F4EA7}.Release|Any CPU.ActiveCfg = Release|Any CPU
		{7B1CD092-807C-42E2-8863-E971676F4EA7}.Release|Any CPU.Build.0 = Release|Any CPU
	EndGlobalSection
	GlobalSection(SolutionProperties) = preSolution
		HideSolutionNode = FALSE
	EndGlobalSection
	GlobalSection(NestedProjects) = preSolution
		{F13710DE-CBFD-4D28-AE57-0E86773F40DF} = {AA2FD91E-DF1C-4EB1-8040-E34E8096989B}
		{D4238E97-C8CC-4A05-B71E-FA58466078F6} = {AA2FD91E-DF1C-4EB1-8040-E34E8096989B}
		{B0102923-D464-4A17-9663-242CE5294688} = {AA2FD91E-DF1C-4EB1-8040-E34E8096989B}
		{75684EC2-0C5D-47AA-9732-75816AD0E122} = {02EA681E-C7D8-13C7-8484-4AC65E1B71E8}
		{7F84B696-30DE-43C5-BC55-5F9FCB21B9F3} = {02EA681E-C7D8-13C7-8484-4AC65E1B71E8}
		{D5303330-D543-400A-82F9-668E9E67E095} = {02EA681E-C7D8-13C7-8484-4AC65E1B71E8}
		{169CA850-0B47-45D6-AFFF-E595006529DD} = {FA1761CE-D210-4F5B-9781-3866DD55ACB9}
		{4784D34F-3DAC-4F70-AB8B-F31A53C5FB0C} = {FA1761CE-D210-4F5B-9781-3866DD55ACB9}
		{B0F610F8-0B79-4D44-AAA4-9600658838A7} = {FA1761CE-D210-4F5B-9781-3866DD55ACB9}
		{05DD6F55-76D6-4E27-98B3-A1A99B4DAEC8} = {CA60AA62-6BE9-41A9-BA5F-CF5EE754B163}
		{66ED55CD-02F4-4B33-976E-4EFAD609BE0D} = {CA60AA62-6BE9-41A9-BA5F-CF5EE754B163}
		{7B1CD092-807C-42E2-8863-E971676F4EA7} = {CA60AA62-6BE9-41A9-BA5F-CF5EE754B163}
	EndGlobalSection
	GlobalSection(ExtensibilityGlobals) = postSolution
		SolutionGuid = {2E1B9977-8AF2-422E-B124-A01CE81597AF}
	EndGlobalSection
EndGlobal
